PODS:
  - MarkdownKit (0.1.0)
  - Nimble (3.2.0)
  - Quick (0.9.2)

DEPENDENCIES:
  - MarkdownKit (from `../`)
  - Nimble (~> 3.0)
  - Quick (~> 0.8)

EXTERNAL SOURCES:
  MarkdownKit:
    :path: "../"

SPEC CHECKSUMS:
  MarkdownKit: 6b28d759040684fc7febca706333fb2bdc00c5aa
  Nimble: 703854335d181df169bbca9c97117b5cf8c47c1d
  Quick: 18d057bc66451eedd5d1c8dc99ba2a5db6e60226

PODFILE CHECKSUM: 37332923ac62269b229836ec80bf572c6603114d

COCOAPODS: 1.0.1
