PODS:
  - Alamofire (5.0.0-beta.7)
  - MarkdownKit (1.6)

DEPENDENCIES:
  - Alamofire (~> 5.0.0.beta.1)
  - MarkdownKit (from `.`)

SPEC REPOS:
  trunk:
    - Alamofire

EXTERNAL SOURCES:
  MarkdownKit:
    :path: "."

SPEC CHECKSUMS:
  Alamofire: bd07938ceecad59d2492aeecb1f785a8f2721160
  MarkdownKit: 6aa4aee263c7efae3de570cded0767f85c38fc78

PODFILE CHECKSUM: f7d262aa3fe12d8080e47f956736b75f868ec2e7

COCOAPODS: 1.10.1
