PODS:
  - Alamofire (5.0.0.beta.1)

DEPENDENCIES:
  - Alamofire (~> 5.0.0.beta.1)

SPEC REPOS:
  https://github.com/cocoapods/specs.git:
    - Alamofire

SPEC CHECKSUMS:
  Alamofire: 2ef6d6c984c5d21c366e9b41a9ae7dfee2b67a44

PODFILE CHECKSUM: 056fb12cb831c84165a65378ddd59f3ad8c252bd

COCOAPODS: 1.6.0.beta.2
