PODS:
  - Alamofire (5.0.5)
  - MarkdownKit (1.6)

DEPENDENCIES:
  - Alamofire (~> 5.0.0.beta.1)
  - MarkdownKit (from `.`)

SPEC REPOS:
  trunk:
    - Alamofire

EXTERNAL SOURCES:
  MarkdownKit:
    :path: "."

SPEC CHECKSUMS:
  Alamofire: df2f8f826963b08b9a870791ad48e07a10090b2e
  MarkdownKit: 6aa4aee263c7efae3de570cded0767f85c38fc78

PODFILE CHECKSUM: f7d262aa3fe12d8080e47f956736b75f868ec2e7

COCOAPODS: 1.10.0
